// !$*UTF8*$!
{
	archiveVersion = 1;
	classes = {
	};
	objectVersion = 46;
	objects = {

/* Begin PBXGroup section */
		733D86DF1CD1EBB300D3E331 = {
			isa = PBXGroup;
			children = (
			);
			sourceTree = "<group>";
		};
/* End PBXGroup section */

/* Begin PBXProject section */
		733D86E01CD1EBB300D3E331 /* Project object */ = {
			isa = PBXProject;
			attributes = {
				LastUpgradeCheck = 0730;
			};
			buildConfigurationList = 733D86E31CD1EBB300D3E331 /* Build configuration list for PBXProject "LindsayAndSonTowingv1.com" */;
			compatibilityVersion = "Xcode 3.2";
			developmentRegion = English;
			hasScannedForEncodings = 0;
			knownRegions = (
				en,
			);
			mainGroup = 733D86DF1CD1EBB300D3E331;
			projectDirPath = "";
			projectRoot = "";
			targets = (
			);
		};
/* End PBXProject section */

/* Begin XCBuildConfiguration section */
		733D86E41CD1EBB300D3E331 /* Debug */ = {
			isa = XCBuildConfiguration;
			buildSettings = {
			};
			name = Debug;
		};
		733D86E51CD1EBB300D3E331 /* Release */ = {
			isa = XCBuildConfiguration;
			buildSettings = {
			};
			name = Release;
		};
/* End XCBuildConfiguration section */

/* Begin XCConfigurationList section */
		733D86E31CD1EBB300D3E331 /* Build configuration list for PBXProject "LindsayAndSonTowingv1.com" */ = {
			isa = XCConfigurationList;
			buildConfigurations = (
				733D86E41CD1EBB300D3E331 /* Debug */,
				733D86E51CD1EBB300D3E331 /* Release */,
			);
			defaultConfigurationIsVisible = 0;
			defaultConfigurationName = Release;
		};
/* End XCConfigurationList section */
	};
	rootObject = 733D86E01CD1EBB300D3E331 /* Project object */;
}
